# This file was autogenerated by Stack.
# You should not edit this file by hand.
# For more information, please see the documentation at:
#   https://docs.haskellstack.org/en/stable/lock_files

packages: []
snapshots:
- completed:
    sha256: adbc602422dde10cc330175da7de8609e70afc41449a7e2d6e8b1827aa0e5008
    size: 649342
    url: https://raw.githubusercontent.com/commercialhaskell/stackage-snapshots/master/lts/20/11.yaml
  original: lts-20.11
