# This file was autogenerated by Stack.
# You should not edit this file by hand.
# For more information, please see the documentation at:
#   https://docs.haskellstack.org/en/stable/lock_files

packages: []
snapshots:
- completed:
    size: 469332
    url: https://raw.githubusercontent.com/commercialhaskell/stackage-snapshots/master/lts/8/0.yaml
    sha256: 76e43a5ddf7ab2e0113147a116f40540a00a3fd7d2adcdfe8b94db33c24d3158
  original: lts-8.0
