# This file was autogenerated by Stack.
# You should not edit this file by hand.
# For more information, please see the documentation at:
#   https://docs.haskellstack.org/en/stable/lock_files

packages: []
snapshots:
- completed:
    size: 573008
    url: https://raw.githubusercontent.com/commercialhaskell/stackage-snapshots/master/nightly/2022/5/12.yaml
    sha256: 2c73222c0a3fc8fa5a9df5de04038e402351652ea28b48604e15c36b693a168d
  original: nightly-2022-05-12
